
Microsoft Visual Studio Solution File, Format Version 12.00
# Visual Studio 15
VisualStudioVersion = 15.0.28010.2048
MinimumVisualStudioVersion = 10.0.40219.1
Project("{FAE04EC0-301F-11D3-BF4B-00C04F79EFBC}") = "CSSocketIO", "CSSocketIO\CSSocketIO.csproj", "{6C736E2A-63E2-44BE-9851-B8DAED58E04C}"
EndProject
Global
	GlobalSection(SolutionConfigurationPlatforms) = preSolution
		Debug|Any CPU = Debug|Any CPU
		Release|Any CPU = Release|Any CPU
	EndGlobalSection
	GlobalSection(ProjectConfigurationPlatforms) = postSolution
		{6C736E2A-63E2-44BE-9851-B8DAED58E04C}.Debug|Any CPU.ActiveCfg = Debug|Any CPU
		{6C736E2A-63E2-44BE-9851-B8DAED58E04C}.Debug|Any CPU.Build.0 = Debug|Any CPU
		{6C736E2A-63E2-44BE-9851-B8DAED58E04C}.Release|Any CPU.ActiveCfg = Release|Any CPU
		{6C736E2A-63E2-44BE-9851-B8DAED58E04C}.Release|Any CPU.Build.0 = Release|Any CPU
	EndGlobalSection
	GlobalSection(SolutionProperties) = preSolution
		HideSolutionNode = FALSE
	EndGlobalSection
	GlobalSection(ExtensibilityGlobals) = postSolution
		SolutionGuid = {85B4BA2A-14CE-4914-81E5-535F2E9A3E89}
	EndGlobalSection
EndGlobal
